
Microsoft Visual Studio Solution File, Format Version 12.00
# Visual Studio Version 17
VisualStudioVersion = 17.5.33516.290
MinimumVisualStudioVersion = 10.0.40219.1
Project("{FAE04EC0-301F-11D3-BF4B-00C04F79EFBC}") = "Proyek_teknet", "Proyek_teknet\Proyek_teknet.csproj", "{B7D3814A-DF67-48F2-8FE8-BC9E6E0C5200}"
EndProject
Global
	GlobalSection(SolutionConfigurationPlatforms) = preSolution
		Debug|Any CPU = Debug|Any CPU
		Release|Any CPU = Release|Any CPU
	EndGlobalSection
	GlobalSection(ProjectConfigurationPlatforms) = postSolution
		{B7D3814A-DF67-48F2-8FE8-BC9E6E0C5200}.Debug|Any CPU.ActiveCfg = Debug|Any CPU
		{B7D3814A-DF67-48F2-8FE8-BC9E6E0C5200}.Debug|Any CPU.Build.0 = Debug|Any CPU
		{B7D3814A-DF67-48F2-8FE8-BC9E6E0C5200}.Release|Any CPU.ActiveCfg = Release|Any CPU
		{B7D3814A-DF67-48F2-8FE8-BC9E6E0C5200}.Release|Any CPU.Build.0 = Release|Any CPU
	EndGlobalSection
	GlobalSection(SolutionProperties) = preSolution
		HideSolutionNode = FALSE
	EndGlobalSection
	GlobalSection(ExtensibilityGlobals) = postSolution
		SolutionGuid = {7DAE530E-C0E0-4A9E-BBB1-108B52DE3F46}
	EndGlobalSection
EndGlobal
